// !$*UTF8*$!
{
	archiveVersion = 1;
	classes = {};
	objectVersion = 77;
	objects = {

/* Begin PBXBuildFile section */
		200000000000000000000001 /* Shapes.swift in Sources */ = {isa = PBXBuildFile; fileRef = 300000000000000000000001 /* Shapes.swift */; };
		200000000000000000000002 /* ShapeTests.swift in Sources */ = {isa = PBXBuildFile; fileRef = 300000000000000000000002 /* ShapeTests.swift */; };
		200000000000000000000003 /* FixtureApp.framework in Frameworks */ = {isa = PBXBuildFile; fileRef = 300000000000000000000003 /* FixtureApp.framework */; };
/* End PBXBuildFile section */

/* Begin PBXContainerItemProxy section */
		400000000000000000000001 /* PBXContainerItemProxy */ = {
			isa = PBXContainerItemProxy;
			containerPortal = 500000000000000000000001 /* Project object */;
			proxyType = 1;
			remoteGlobalIDString = 100000000000000000000001;
			remoteInfo = FixtureApp;
		};
/* End PBXContainerItemProxy section */

/* Begin PBXFileReference section */
		300000000000000000000001 /* Shapes.swift */ = {isa = PBXFileReference; lastKnownFileType = sourcecode.swift; path = Shapes.swift; sourceTree = "<group>"; };
		300000000000000000000002 /* ShapeTests.swift */ = {isa = PBXFileReference; lastKnownFileType = sourcecode.swift; path = ShapeTests.swift; sourceTree = "<group>"; };
		300000000000000000000003 /* FixtureApp.framework */ = {isa = PBXFileReference; explicitFileType = wrapper.framework; includeInIndex = 0; path = FixtureApp.framework; sourceTree = BUILT_PRODUCTS_DIR; };
		300000000000000000000004 /* FixtureTests.xctest */ = {isa = PBXFileReference; explicitFileType = wrapper.cfbundle; includeInIndex = 0; path = FixtureTests.xctest; sourceTree = BUILT_PRODUCTS_DIR; };
/* End PBXFileReference section */

/* Begin PBXFrameworksBuildPhase section */
		600000000000000000000001 /* Frameworks */ = {isa = PBXFrameworksBuildPhase; buildActionMask = 2147483647; files = (); runOnlyForDeploymentPostprocessing = 0; };
		600000000000000000000002 /* Frameworks */ = {
			isa = PBXFrameworksBuildPhase;
			buildActionMask = 2147483647;
			files = (200000000000000000000003 /* FixtureApp.framework in Frameworks */,);
			runOnlyForDeploymentPostprocessing = 0;
		};
/* End PBXFrameworksBuildPhase section */

/* Begin PBXGroup section */
		700000000000000000000001 = {
			isa = PBXGroup;
			children = (700000000000000000000002 /* App */, 700000000000000000000003 /* Tests */, 700000000000000000000004 /* Products */,);
			sourceTree = "<group>";
		};
		700000000000000000000002 /* App */ = {isa = PBXGroup; children = (300000000000000000000001 /* Shapes.swift */,); path = App; sourceTree = "<group>"; };
		700000000000000000000003 /* Tests */ = {isa = PBXGroup; children = (300000000000000000000002 /* ShapeTests.swift */,); path = Tests; sourceTree = "<group>"; };
		700000000000000000000004 /* Products */ = {isa = PBXGroup; children = (300000000000000000000003 /* FixtureApp.framework */, 300000000000000000000004 /* FixtureTests.xctest */,); name = Products; sourceTree = "<group>"; };
/* End PBXGroup section */

/* Begin PBXNativeTarget section */
		100000000000000000000001 /* FixtureApp */ = {
			isa = PBXNativeTarget;
			buildConfigurationList = 800000000000000000000001;
			buildPhases = (900000000000000000000001 /* Sources */, 600000000000000000000001 /* Frameworks */,);
			buildRules = ();
			dependencies = ();
			name = FixtureApp;
			productName = FixtureApp;
			productReference = 300000000000000000000003 /* FixtureApp.framework */;
			productType = "com.apple.product-type.framework";
		};
		100000000000000000000002 /* FixtureTests */ = {
			isa = PBXNativeTarget;
			buildConfigurationList = 800000000000000000000002;
			buildPhases = (900000000000000000000002 /* Sources */, 600000000000000000000002 /* Frameworks */,);
			buildRules = ();
			dependencies = (A00000000000000000000001 /* PBXTargetDependency */,);
			name = FixtureTests;
			productName = FixtureTests;
			productReference = 300000000000000000000004 /* FixtureTests.xctest */;
			productType = "com.apple.product-type.bundle.unit-test";
		};
/* End PBXNativeTarget section */

/* Begin PBXProject section */
		500000000000000000000001 /* Project object */ = {
			isa = PBXProject;
			attributes = {BuildIndependentTargetsInParallel = 1; LastSwiftUpdateCheck = 2660; LastUpgradeCheck = 2660; TargetAttributes = {100000000000000000000001 = {CreatedOnToolsVersion = 26.6;}; 100000000000000000000002 = {CreatedOnToolsVersion = 26.6; TestTargetID = 100000000000000000000001;};};};
			buildConfigurationList = 800000000000000000000003;
			compatibilityVersion = "Xcode 16.0";
			developmentRegion = en;
			hasScannedForEncodings = 0;
			knownRegions = (en, Base,);
			mainGroup = 700000000000000000000001;
			productRefGroup = 700000000000000000000004 /* Products */;
			projectDirPath = "";
			projectRoot = "";
			targets = (100000000000000000000001 /* FixtureApp */, 100000000000000000000002 /* FixtureTests */,);
		};
/* End PBXProject section */

/* Begin PBXSourcesBuildPhase section */
		900000000000000000000001 /* Sources */ = {isa = PBXSourcesBuildPhase; buildActionMask = 2147483647; files = (200000000000000000000001 /* Shapes.swift in Sources */,); runOnlyForDeploymentPostprocessing = 0; };
		900000000000000000000002 /* Sources */ = {isa = PBXSourcesBuildPhase; buildActionMask = 2147483647; files = (200000000000000000000002 /* ShapeTests.swift in Sources */,); runOnlyForDeploymentPostprocessing = 0; };
/* End PBXSourcesBuildPhase section */

/* Begin PBXTargetDependency section */
		A00000000000000000000001 /* PBXTargetDependency */ = {isa = PBXTargetDependency; target = 100000000000000000000001 /* FixtureApp */; targetProxy = 400000000000000000000001 /* PBXContainerItemProxy */; };
/* End PBXTargetDependency section */

/* Begin XCBuildConfiguration section */
		B00000000000000000000001 /* Debug */ = {isa = XCBuildConfiguration; buildSettings = {DEFINES_MODULE = YES; ENABLE_TESTABILITY = YES; GENERATE_INFOPLIST_FILE = YES; PRODUCT_BUNDLE_IDENTIFIER = com.example.FixtureApp; PRODUCT_NAME = "$(TARGET_NAME)"; SKIP_INSTALL = YES; SWIFT_OPTIMIZATION_LEVEL = "-Onone"; SWIFT_VERSION = 5.0;}; name = Debug; };
		B00000000000000000000002 /* Release */ = {isa = XCBuildConfiguration; buildSettings = {DEFINES_MODULE = YES; GENERATE_INFOPLIST_FILE = YES; PRODUCT_BUNDLE_IDENTIFIER = com.example.FixtureApp; PRODUCT_NAME = "$(TARGET_NAME)"; SKIP_INSTALL = YES; SWIFT_COMPILATION_MODE = wholemodule; SWIFT_VERSION = 5.0;}; name = Release; };
		B00000000000000000000003 /* Debug */ = {isa = XCBuildConfiguration; buildSettings = {GENERATE_INFOPLIST_FILE = YES; PRODUCT_BUNDLE_IDENTIFIER = com.example.FixtureTests; PRODUCT_NAME = "$(TARGET_NAME)"; SWIFT_OPTIMIZATION_LEVEL = "-Onone"; SWIFT_VERSION = 5.0;}; name = Debug; };
		B00000000000000000000004 /* Release */ = {isa = XCBuildConfiguration; buildSettings = {GENERATE_INFOPLIST_FILE = YES; PRODUCT_BUNDLE_IDENTIFIER = com.example.FixtureTests; PRODUCT_NAME = "$(TARGET_NAME)"; SWIFT_COMPILATION_MODE = wholemodule; SWIFT_VERSION = 5.0;}; name = Release; };
		B00000000000000000000005 /* Debug */ = {isa = XCBuildConfiguration; buildSettings = {ALWAYS_SEARCH_USER_PATHS = NO; CLANG_ENABLE_MODULES = YES; MACOSX_DEPLOYMENT_TARGET = 14.0; SDKROOT = macosx; SWIFT_ACTIVE_COMPILATION_CONDITIONS = DEBUG; SWIFT_VERSION = 5.0;}; name = Debug; };
		B00000000000000000000006 /* Release */ = {isa = XCBuildConfiguration; buildSettings = {ALWAYS_SEARCH_USER_PATHS = NO; CLANG_ENABLE_MODULES = YES; MACOSX_DEPLOYMENT_TARGET = 14.0; SDKROOT = macosx; SWIFT_COMPILATION_MODE = wholemodule; SWIFT_VERSION = 5.0;}; name = Release; };
/* End XCBuildConfiguration section */

/* Begin XCConfigurationList section */
		800000000000000000000001 = {isa = XCConfigurationList; buildConfigurations = (B00000000000000000000001 /* Debug */, B00000000000000000000002 /* Release */,); defaultConfigurationIsVisible = 0; defaultConfigurationName = Release; };
		800000000000000000000002 = {isa = XCConfigurationList; buildConfigurations = (B00000000000000000000003 /* Debug */, B00000000000000000000004 /* Release */,); defaultConfigurationIsVisible = 0; defaultConfigurationName = Release; };
		800000000000000000000003 = {isa = XCConfigurationList; buildConfigurations = (B00000000000000000000005 /* Debug */, B00000000000000000000006 /* Release */,); defaultConfigurationIsVisible = 0; defaultConfigurationName = Release; };
/* End XCConfigurationList section */
	};
	rootObject = 500000000000000000000001 /* Project object */;
}
